
Microsoft Visual Studio Solution File, Format Version 12.00
# Visual Studio 15
VisualStudioVersion = 15.0.27703.2042
MinimumVisualStudioVersion = 10.0.40219.1
Project("{FAE04EC0-301F-11D3-BF4B-00C04F79EFBC}") = "Test", "Test.csproj", "{53B47AAF-75E0-4678-A471-09382D6FC546}"
EndProject
Global
	GlobalSection(SolutionConfigurationPlatforms) = preSolution
		Debug|Any CPU = Debug|Any CPU
		Release|Any CPU = Release|Any CPU
	EndGlobalSection
	GlobalSection(ProjectConfigurationPlatforms) = postSolution
		{53B47AAF-75E0-4678-A471-09382D6FC546}.Debug|Any CPU.ActiveCfg = Debug|Any CPU
		{53B47AAF-75E0-4678-A471-09382D6FC546}.Debug|Any CPU.Build.0 = Debug|Any CPU
		{53B47AAF-75E0-4678-A471-09382D6FC546}.Release|Any CPU.ActiveCfg = Release|Any CPU
		{53B47AAF-75E0-4678-A471-09382D6FC546}.Release|Any CPU.Build.0 = Release|Any CPU
	EndGlobalSection
	GlobalSection(SolutionProperties) = preSolution
		HideSolutionNode = FALSE
	EndGlobalSection
	GlobalSection(ExtensibilityGlobals) = postSolution
		SolutionGuid = {949736CC-63A1-4BAF-8B88-4DB9B961A5AE}
	EndGlobalSection
EndGlobal
